
Microsoft Visual Studio Solution File, Format Version 12.00
# Visual Studio Version 17
VisualStudioVersion = 17.9.34728.123
MinimumVisualStudioVersion = 10.0.40219.1
Project("{2150E333-8FDC-42A3-9474-1A3956D46DE8}") = "Tests", "Tests", "{033BF716-114E-45AB-A552-4F78EB7E7966}"
EndProject
Project("{9A19103F-16F7-4668-BE54-9A1E7A4F7556}") = "ReHub.DbDataModel", "src\ReHub.DbDataModel\ReHub.DbDataModel.csproj", "{987E0A4E-6858-456B-B06F-92AD096BE7DE}"
EndProject
Project("{9A19103F-16F7-4668-BE54-9A1E7A4F7556}") = "ReHub.BackendAPI", "src\ReHub.BackendAPI\ReHub.BackendAPI.csproj", "{6EDA5A42-130B-4789-BBD8-16A6FB202D8F}"
EndProject
Project("{9A19103F-16F7-4668-BE54-9A1E7A4F7556}") = "ReHub.BackendAPI.Tests", "tests\ReHub.BackendAPI.Tests\ReHub.BackendAPI.Tests.csproj", "{816AFD05-92F8-4222-B48E-6C230AEA23E8}"
EndProject
Project("{9A19103F-16F7-4668-BE54-9A1E7A4F7556}") = "ReHub.Data.Tests", "tests\ReHub.Data.Tests\ReHub.Data.Tests.csproj", "{55196918-5CF9-446E-B850-334B9C0FAD52}"
EndProject
Project("{2150E333-8FDC-42A3-9474-1A3956D46DE8}") = "Docs", "Docs", "{0775E416-E9A3-48E9-9AAC-AA3C403C9DC6}"
	ProjectSection(SolutionItems) = preProject
		docs\TODO.md = docs\TODO.md
	EndProjectSection
EndProject
Project("{9A19103F-16F7-4668-BE54-9A1E7A4F7556}") = "ReHub.Utilities", "src\ReHub.Utilities\ReHub.Utilities.csproj", "{42583DC0-3CB8-4F06-8390-F30C7B6FF2F9}"
EndProject
Project("{FAE04EC0-301F-11D3-BF4B-00C04F79EFBC}") = "ReHub.Utilities.Tests", "tests\ReHub.Utilities.Tests\ReHub.Utilities.Tests.csproj", "{D4719AF0-AD85-4D1D-8107-1DAFD79E4DDA}"
EndProject
Project("{9A19103F-16F7-4668-BE54-9A1E7A4F7556}") = "Rehub.Authorization", "src\Rehub.Authorization\Rehub.Authorization.csproj", "{A29F0A1F-8584-46DC-A828-4360E3BFD090}"
EndProject
Global
	GlobalSection(SolutionConfigurationPlatforms) = preSolution
		Debug|Any CPU = Debug|Any CPU
		Release|Any CPU = Release|Any CPU
	EndGlobalSection
	GlobalSection(ProjectConfigurationPlatforms) = postSolution
		{987E0A4E-6858-456B-B06F-92AD096BE7DE}.Debug|Any CPU.ActiveCfg = Debug|Any CPU
		{987E0A4E-6858-456B-B06F-92AD096BE7DE}.Debug|Any CPU.Build.0 = Debug|Any CPU
		{987E0A4E-6858-456B-B06F-92AD096BE7DE}.Release|Any CPU.ActiveCfg = Release|Any CPU
		{987E0A4E-6858-456B-B06F-92AD096BE7DE}.Release|Any CPU.Build.0 = Release|Any CPU
		{6EDA5A42-130B-4789-BBD8-16A6FB202D8F}.Debug|Any CPU.ActiveCfg = Debug|Any CPU
		{6EDA5A42-130B-4789-BBD8-16A6FB202D8F}.Debug|Any CPU.Build.0 = Debug|Any CPU
		{6EDA5A42-130B-4789-BBD8-16A6FB202D8F}.Release|Any CPU.ActiveCfg = Release|Any CPU
		{6EDA5A42-130B-4789-BBD8-16A6FB202D8F}.Release|Any CPU.Build.0 = Release|Any CPU
		{816AFD05-92F8-4222-B48E-6C230AEA23E8}.Debug|Any CPU.ActiveCfg = Debug|Any CPU
		{816AFD05-92F8-4222-B48E-6C230AEA23E8}.Debug|Any CPU.Build.0 = Debug|Any CPU
		{816AFD05-92F8-4222-B48E-6C230AEA23E8}.Release|Any CPU.ActiveCfg = Release|Any CPU
		{816AFD05-92F8-4222-B48E-6C230AEA23E8}.Release|Any CPU.Build.0 = Release|Any CPU
		{55196918-5CF9-446E-B850-334B9C0FAD52}.Debug|Any CPU.ActiveCfg = Debug|Any CPU
		{55196918-5CF9-446E-B850-334B9C0FAD52}.Debug|Any CPU.Build.0 = Debug|Any CPU
		{55196918-5CF9-446E-B850-334B9C0FAD52}.Release|Any CPU.ActiveCfg = Release|Any CPU
		{55196918-5CF9-446E-B850-334B9C0FAD52}.Release|Any CPU.Build.0 = Release|Any CPU
		{42583DC0-3CB8-4F06-8390-F30C7B6FF2F9}.Debug|Any CPU.ActiveCfg = Debug|Any CPU
		{42583DC0-3CB8-4F06-8390-F30C7B6FF2F9}.Debug|Any CPU.Build.0 = Debug|Any CPU
		{42583DC0-3CB8-4F06-8390-F30C7B6FF2F9}.Release|Any CPU.ActiveCfg = Release|Any CPU
		{42583DC0-3CB8-4F06-8390-F30C7B6FF2F9}.Release|Any CPU.Build.0 = Release|Any CPU
		{D4719AF0-AD85-4D1D-8107-1DAFD79E4DDA}.Debug|Any CPU.ActiveCfg = Debug|Any CPU
		{D4719AF0-AD85-4D1D-8107-1DAFD79E4DDA}.Debug|Any CPU.Build.0 = Debug|Any CPU
		{D4719AF0-AD85-4D1D-8107-1DAFD79E4DDA}.Release|Any CPU.ActiveCfg = Release|Any CPU
		{D4719AF0-AD85-4D1D-8107-1DAFD79E4DDA}.Release|Any CPU.Build.0 = Release|Any CPU
		{A29F0A1F-8584-46DC-A828-4360E3BFD090}.Debug|Any CPU.ActiveCfg = Debug|Any CPU
		{A29F0A1F-8584-46DC-A828-4360E3BFD090}.Debug|Any CPU.Build.0 = Debug|Any CPU
		{A29F0A1F-8584-46DC-A828-4360E3BFD090}.Release|Any CPU.ActiveCfg = Release|Any CPU
		{A29F0A1F-8584-46DC-A828-4360E3BFD090}.Release|Any CPU.Build.0 = Release|Any CPU
	EndGlobalSection
	GlobalSection(SolutionProperties) = preSolution
		HideSolutionNode = FALSE
	EndGlobalSection
	GlobalSection(NestedProjects) = preSolution
		{816AFD05-92F8-4222-B48E-6C230AEA23E8} = {033BF716-114E-45AB-A552-4F78EB7E7966}
		{55196918-5CF9-446E-B850-334B9C0FAD52} = {033BF716-114E-45AB-A552-4F78EB7E7966}
		{D4719AF0-AD85-4D1D-8107-1DAFD79E4DDA} = {033BF716-114E-45AB-A552-4F78EB7E7966}
	EndGlobalSection
	GlobalSection(ExtensibilityGlobals) = postSolution
		SolutionGuid = {03143751-A94B-4C3A-800B-3C52C50C54A6}
	EndGlobalSection
EndGlobal
